
Microsoft Visual Studio Solution File, Format Version 12.00
# Visual Studio Version 17
VisualStudioVersion = 17.4.33213.308
MinimumVisualStudioVersion = 10.0.40219.1
Project("{FAE04EC0-301F-11D3-BF4B-00C04F79EFBC}") = "B20240408.EntidadesDeNegocio", "B20240408.EntidadesDeNegocio\B20240408.EntidadesDeNegocio.csproj", "{5C29B822-FDB4-4AF9-A94A-0F81A021282C}"
EndProject
Global
	GlobalSection(SolutionConfigurationPlatforms) = preSolution
		Debug|Any CPU = Debug|Any CPU
		Release|Any CPU = Release|Any CPU
	EndGlobalSection
	GlobalSection(ProjectConfigurationPlatforms) = postSolution
		{5C29B822-FDB4-4AF9-A94A-0F81A021282C}.Debug|Any CPU.ActiveCfg = Debug|Any CPU
		{5C29B822-FDB4-4AF9-A94A-0F81A021282C}.Debug|Any CPU.Build.0 = Debug|Any CPU
		{5C29B822-FDB4-4AF9-A94A-0F81A021282C}.Release|Any CPU.ActiveCfg = Release|Any CPU
		{5C29B822-FDB4-4AF9-A94A-0F81A021282C}.Release|Any CPU.Build.0 = Release|Any CPU
	EndGlobalSection
	GlobalSection(SolutionProperties) = preSolution
		HideSolutionNode = FALSE
	EndGlobalSection
	GlobalSection(ExtensibilityGlobals) = postSolution
		SolutionGuid = {FDD14F58-F1E6-4B59-88EE-4CA67E4A627F}
	EndGlobalSection
EndGlobal
